
Microsoft Visual Studio Solution File, Format Version 12.00
# Visual Studio Version 17
VisualStudioVersion = 17.6.33829.357
MinimumVisualStudioVersion = 10.0.40219.1
Project("{FAE04EC0-301F-11D3-BF4B-00C04F79EFBC}") = "Gym", "Gym.csproj", "{2C93B969-3C64-41FF-A924-616198284703}"
EndProject
Global
	GlobalSection(SolutionConfigurationPlatforms) = preSolution
		Debug|Any CPU = Debug|Any CPU
		Release|Any CPU = Release|Any CPU
	EndGlobalSection
	GlobalSection(ProjectConfigurationPlatforms) = postSolution
		{2C93B969-3C64-41FF-A924-616198284703}.Debug|Any CPU.ActiveCfg = Debug|Any CPU
		{2C93B969-3C64-41FF-A924-616198284703}.Debug|Any CPU.Build.0 = Debug|Any CPU
		{2C93B969-3C64-41FF-A924-616198284703}.Release|Any CPU.ActiveCfg = Release|Any CPU
		{2C93B969-3C64-41FF-A924-616198284703}.Release|Any CPU.Build.0 = Release|Any CPU
	EndGlobalSection
	GlobalSection(SolutionProperties) = preSolution
		HideSolutionNode = FALSE
	EndGlobalSection
	GlobalSection(ExtensibilityGlobals) = postSolution
		SolutionGuid = {46403AB2-E214-4CE8-B7D9-DB5E2FEA49F3}
	EndGlobalSection
EndGlobal
